
Microsoft Visual Studio Solution File, Format Version 12.00
# Visual Studio Version 16
VisualStudioVersion = 16.0.32602.291
MinimumVisualStudioVersion = 10.0.40219.1
Project("{8BC9CEB8-8B4A-11D0-8D11-00A0C91BC942}") = "SROM CP1", "SROM CP1.vcxproj", "{23715D0A-6B16-416F-A555-EC365F56F369}"
EndProject
Global
	GlobalSection(SolutionConfigurationPlatforms) = preSolution
		Debug|x64 = Debug|x64
		Debug|x86 = Debug|x86
		Release|x64 = Release|x64
		Release|x86 = Release|x86
	EndGlobalSection
	GlobalSection(ProjectConfigurationPlatforms) = postSolution
		{23715D0A-6B16-416F-A555-EC365F56F369}.Debug|x64.ActiveCfg = Debug|x64
		{23715D0A-6B16-416F-A555-EC365F56F369}.Debug|x64.Build.0 = Debug|x64
		{23715D0A-6B16-416F-A555-EC365F56F369}.Debug|x86.ActiveCfg = Debug|Win32
		{23715D0A-6B16-416F-A555-EC365F56F369}.Debug|x86.Build.0 = Debug|Win32
		{23715D0A-6B16-416F-A555-EC365F56F369}.Release|x64.ActiveCfg = Release|x64
		{23715D0A-6B16-416F-A555-EC365F56F369}.Release|x64.Build.0 = Release|x64
		{23715D0A-6B16-416F-A555-EC365F56F369}.Release|x86.ActiveCfg = Release|Win32
		{23715D0A-6B16-416F-A555-EC365F56F369}.Release|x86.Build.0 = Release|Win32
	EndGlobalSection
	GlobalSection(SolutionProperties) = preSolution
		HideSolutionNode = FALSE
	EndGlobalSection
	GlobalSection(ExtensibilityGlobals) = postSolution
		SolutionGuid = {CC6DF7F2-AA68-4620-ADD3-F31E8FA1378B}
	EndGlobalSection
EndGlobal
